
Microsoft Visual Studio Solution File, Format Version 12.00
# Visual Studio 2012
Project("{FAE04EC0-301F-11D3-BF4B-00C04F79EFBC}") = "CSharpIntermediate", "CSharpIntermediate\CSharpIntermediate.csproj", "{CDD9A3B8-CFC3-4199-921E-3CE1E0C9EAF5}"
EndProject
Global
	GlobalSection(SolutionConfigurationPlatforms) = preSolution
		Debug|Any CPU = Debug|Any CPU
		Release|Any CPU = Release|Any CPU
	EndGlobalSection
	GlobalSection(ProjectConfigurationPlatforms) = postSolution
		{CDD9A3B8-CFC3-4199-921E-3CE1E0C9EAF5}.Debug|Any CPU.ActiveCfg = Debug|Any CPU
		{CDD9A3B8-CFC3-4199-921E-3CE1E0C9EAF5}.Debug|Any CPU.Build.0 = Debug|Any CPU
		{CDD9A3B8-CFC3-4199-921E-3CE1E0C9EAF5}.Release|Any CPU.ActiveCfg = Release|Any CPU
		{CDD9A3B8-CFC3-4199-921E-3CE1E0C9EAF5}.Release|Any CPU.Build.0 = Release|Any CPU
	EndGlobalSection
	GlobalSection(SolutionProperties) = preSolution
		HideSolutionNode = FALSE
	EndGlobalSection
EndGlobal
