{
  "name": "fullstack_training",
  "lockfileVersion": 2,
  "requires": true,
  "packages": {
    "": {
      "dependencies": {
        "core-js": "^3.34.0",
        "fractional": "^1.0.0",
        "regenerator-runtime": "^0.14.0"
      },
      "devDependencies": {
        "prettier": "2.7.1"
      }
    },
    "node_modules/core-js": {
      "version": "3.34.0",
      "resolved": "https://registry.npmjs.org/core-js/-/core-js-3.34.0.tgz",
      "integrity": "sha512-aDdvlDder8QmY91H88GzNi9EtQi2TjvQhpCX6B1v/dAZHU1AuLgHvRh54RiOerpEhEW46Tkf+vgAViB/CWC0ag==",
      "hasInstallScript": true,
      "funding": {
        "type": "opencollective",
        "url": "https://opencollective.com/core-js"
      }
    },
    "node_modules/fractional": {
      "version": "1.0.0",
      "resolved": "https://registry.npmjs.org/fractional/-/fractional-1.0.0.tgz",
      "integrity": "sha512-4huGcVdAAr0ffcQ7wQY3dhAdZqKd6QgGOP4Kd7ioNoBAS7GdzolwnqgjH/jTzzCpg71oTLbOVwcOWOH+BmwqvA=="
    },
    "node_modules/prettier": {
      "version": "2.7.1",
      "resolved": "https://registry.npmjs.org/prettier/-/prettier-2.7.1.tgz",
      "integrity": "sha512-ujppO+MkdPqoVINuDFDRLClm7D78qbDt0/NR+wp5FqEZOoTNAjPHWj17QRhu7geIHJfcNhRk1XVQmF8Bp3ye+g==",
      "dev": true,
      "bin": {
        "prettier": "bin-prettier.js"
      },
      "engines": {
        "node": ">=10.13.0"
      },
      "funding": {
        "url": "https://github.com/prettier/prettier?sponsor=1"
      }
    },
    "node_modules/regenerator-runtime": {
      "version": "0.14.0",
      "resolved": "https://registry.npmjs.org/regenerator-runtime/-/regenerator-runtime-0.14.0.tgz",
      "integrity": "sha512-srw17NI0TUWHuGa5CFGGmhfNIeja30WMBfbslPNhf6JrqQlLN5gcrvig1oqPxiVaXb0oW0XRKtH6Nngs5lKCIA=="
    }
  },
  "dependencies": {
    "core-js": {
      "version": "3.34.0",
      "resolved": "https://registry.npmjs.org/core-js/-/core-js-3.34.0.tgz",
      "integrity": "sha512-aDdvlDder8QmY91H88GzNi9EtQi2TjvQhpCX6B1v/dAZHU1AuLgHvRh54RiOerpEhEW46Tkf+vgAViB/CWC0ag=="
    },
    "fractional": {
      "version": "1.0.0",
      "resolved": "https://registry.npmjs.org/fractional/-/fractional-1.0.0.tgz",
      "integrity": "sha512-4huGcVdAAr0ffcQ7wQY3dhAdZqKd6QgGOP4Kd7ioNoBAS7GdzolwnqgjH/jTzzCpg71oTLbOVwcOWOH+BmwqvA=="
    },
    "prettier": {
      "version": "2.7.1",
      "resolved": "https://registry.npmjs.org/prettier/-/prettier-2.7.1.tgz",
      "integrity": "sha512-ujppO+MkdPqoVINuDFDRLClm7D78qbDt0/NR+wp5FqEZOoTNAjPHWj17QRhu7geIHJfcNhRk1XVQmF8Bp3ye+g==",
      "dev": true
    },
    "regenerator-runtime": {
      "version": "0.14.0",
      "resolved": "https://registry.npmjs.org/regenerator-runtime/-/regenerator-runtime-0.14.0.tgz",
      "integrity": "sha512-srw17NI0TUWHuGa5CFGGmhfNIeja30WMBfbslPNhf6JrqQlLN5gcrvig1oqPxiVaXb0oW0XRKtH6Nngs5lKCIA=="
    }
  }
}
