
Microsoft Visual Studio Solution File, Format Version 12.00
# Visual Studio 2012
Project("{FAE04EC0-301F-11D3-BF4B-00C04F79EFBC}") = "AccessModifiers", "AccessModifiers\AccessModifiers.csproj", "{5964A0A9-2BCA-4895-A170-C2894406BB43}"
EndProject
Global
	GlobalSection(SolutionConfigurationPlatforms) = preSolution
		Debug|Any CPU = Debug|Any CPU
		Release|Any CPU = Release|Any CPU
	EndGlobalSection
	GlobalSection(ProjectConfigurationPlatforms) = postSolution
		{5964A0A9-2BCA-4895-A170-C2894406BB43}.Debug|Any CPU.ActiveCfg = Debug|Any CPU
		{5964A0A9-2BCA-4895-A170-C2894406BB43}.Debug|Any CPU.Build.0 = Debug|Any CPU
		{5964A0A9-2BCA-4895-A170-C2894406BB43}.Release|Any CPU.ActiveCfg = Release|Any CPU
		{5964A0A9-2BCA-4895-A170-C2894406BB43}.Release|Any CPU.Build.0 = Release|Any CPU
	EndGlobalSection
	GlobalSection(SolutionProperties) = preSolution
		HideSolutionNode = FALSE
	EndGlobalSection
EndGlobal
