
Microsoft Visual Studio Solution File, Format Version 12.00
# Visual Studio 2012
Project("{FAE04EC0-301F-11D3-BF4B-00C04F79EFBC}") = "Methods", "Methods\Methods.csproj", "{A8B46BC2-34BC-4106-962A-8A52D9D376B3}"
EndProject
Global
	GlobalSection(SolutionConfigurationPlatforms) = preSolution
		Debug|Any CPU = Debug|Any CPU
		Release|Any CPU = Release|Any CPU
	EndGlobalSection
	GlobalSection(ProjectConfigurationPlatforms) = postSolution
		{A8B46BC2-34BC-4106-962A-8A52D9D376B3}.Debug|Any CPU.ActiveCfg = Debug|Any CPU
		{A8B46BC2-34BC-4106-962A-8A52D9D376B3}.Debug|Any CPU.Build.0 = Debug|Any CPU
		{A8B46BC2-34BC-4106-962A-8A52D9D376B3}.Release|Any CPU.ActiveCfg = Release|Any CPU
		{A8B46BC2-34BC-4106-962A-8A52D9D376B3}.Release|Any CPU.Build.0 = Release|Any CPU
	EndGlobalSection
	GlobalSection(SolutionProperties) = preSolution
		HideSolutionNode = FALSE
	EndGlobalSection
EndGlobal
